
Microsoft Visual Studio Solution File, Format Version 12.00
# Visual Studio Version 16
VisualStudioVersion = 16.0.29806.167
MinimumVisualStudioVersion = 10.0.40219.1
Project("{FAE04EC0-301F-11D3-BF4B-00C04F79EFBC}") = "CIB.PhoneBook.DAL", "CIB.PhoneBook.DAL\CIB.PhoneBook.DAL.csproj", "{1DF4E85F-52B9-4670-9C2B-8279A047D559}"
EndProject
Project("{FAE04EC0-301F-11D3-BF4B-00C04F79EFBC}") = "CIB.PhoneBook.Shared", "CIB.PhoneBook.Shared\CIB.PhoneBook.Shared.csproj", "{BBD05D3F-BD42-46EF-86D5-9BC1212240F2}"
EndProject
Project("{FAE04EC0-301F-11D3-BF4B-00C04F79EFBC}") = "CIB.PhoneBook.Services.WebApi", "CIB.PhoneBook.Services.Api\CIB.PhoneBook.Services.WebApi.csproj", "{513019A1-7D8F-43FC-8EF3-F89E8EEB5616}"
EndProject
Project("{E24C65DC-7377-472B-9ABA-BC803B73C61A}") = "AngularUI", "CIB.Phonebook.UI.Angular\AngularUI\", "{34F2DBBE-7308-4F3F-9AA1-46E4E5FB2F1C}"
	ProjectSection(WebsiteProperties) = preProject
		TargetFrameworkMoniker = ".NETFramework,Version%3Dv4.0"
		Debug.AspNetCompiler.VirtualPath = "/localhost_4200"
		Debug.AspNetCompiler.PhysicalPath = "CIB.Phonebook.UI.Angular\AngularUI\"
		Debug.AspNetCompiler.TargetPath = "PrecompiledWeb\localhost_4200\"
		Debug.AspNetCompiler.Updateable = "true"
		Debug.AspNetCompiler.ForceOverwrite = "true"
		Debug.AspNetCompiler.FixedNames = "false"
		Debug.AspNetCompiler.Debug = "True"
		Release.AspNetCompiler.VirtualPath = "/localhost_4200"
		Release.AspNetCompiler.PhysicalPath = "CIB.Phonebook.UI.Angular\AngularUI\"
		Release.AspNetCompiler.TargetPath = "PrecompiledWeb\localhost_4200\"
		Release.AspNetCompiler.Updateable = "true"
		Release.AspNetCompiler.ForceOverwrite = "true"
		Release.AspNetCompiler.FixedNames = "false"
		Release.AspNetCompiler.Debug = "False"
		VWDPort = "62402"
		SlnRelativePath = "CIB.Phonebook.UI.Angular\AngularUI\"
	EndProjectSection
EndProject
Project("{FAE04EC0-301F-11D3-BF4B-00C04F79EFBC}") = "CIB.PhoneBook.SPA", "CIB.Phonebook.SPA\CIB.PhoneBook.SPA.csproj", "{F1CC38C2-3308-457B-9463-199BC121701E}"
EndProject
Project("{2150E333-8FDC-42A3-9474-1A3956D46DE8}") = "Solution Items", "Solution Items", "{538F5FB4-1C50-427A-99DE-2BBAA0B765D0}"
	ProjectSection(SolutionItems) = preProject
		CreateDatabase.sql = CreateDatabase.sql
		README.txt = README.txt
		SampleData.sql = SampleData.sql
	EndProjectSection
EndProject
Project("{FAE04EC0-301F-11D3-BF4B-00C04F79EFBC}") = "CIB.WaboxappApi.WebHook", "CIB.WaboxappApi.WebHook\CIB.WaboxappApi.WebHook.csproj", "{85EC444C-EF49-43EF-96A6-EB5E729699A2}"
EndProject
Global
	GlobalSection(SolutionConfigurationPlatforms) = preSolution
		Debug|Any CPU = Debug|Any CPU
		Debug|x64 = Debug|x64
		Debug|x86 = Debug|x86
		Release|Any CPU = Release|Any CPU
		Release|x64 = Release|x64
		Release|x86 = Release|x86
	EndGlobalSection
	GlobalSection(ProjectConfigurationPlatforms) = postSolution
		{1DF4E85F-52B9-4670-9C2B-8279A047D559}.Debug|Any CPU.ActiveCfg = Debug|Any CPU
		{1DF4E85F-52B9-4670-9C2B-8279A047D559}.Debug|Any CPU.Build.0 = Debug|Any CPU
		{1DF4E85F-52B9-4670-9C2B-8279A047D559}.Debug|x64.ActiveCfg = Debug|x64
		{1DF4E85F-52B9-4670-9C2B-8279A047D559}.Debug|x64.Build.0 = Debug|x64
		{1DF4E85F-52B9-4670-9C2B-8279A047D559}.Debug|x86.ActiveCfg = Debug|Any CPU
		{1DF4E85F-52B9-4670-9C2B-8279A047D559}.Debug|x86.Build.0 = Debug|Any CPU
		{1DF4E85F-52B9-4670-9C2B-8279A047D559}.Release|Any CPU.ActiveCfg = Release|Any CPU
		{1DF4E85F-52B9-4670-9C2B-8279A047D559}.Release|Any CPU.Build.0 = Release|Any CPU
		{1DF4E85F-52B9-4670-9C2B-8279A047D559}.Release|x64.ActiveCfg = Release|x64
		{1DF4E85F-52B9-4670-9C2B-8279A047D559}.Release|x64.Build.0 = Release|x64
		{1DF4E85F-52B9-4670-9C2B-8279A047D559}.Release|x86.ActiveCfg = Release|Any CPU
		{1DF4E85F-52B9-4670-9C2B-8279A047D559}.Release|x86.Build.0 = Release|Any CPU
		{BBD05D3F-BD42-46EF-86D5-9BC1212240F2}.Debug|Any CPU.ActiveCfg = Debug|Any CPU
		{BBD05D3F-BD42-46EF-86D5-9BC1212240F2}.Debug|Any CPU.Build.0 = Debug|Any CPU
		{BBD05D3F-BD42-46EF-86D5-9BC1212240F2}.Debug|x64.ActiveCfg = Debug|x64
		{BBD05D3F-BD42-46EF-86D5-9BC1212240F2}.Debug|x64.Build.0 = Debug|x64
		{BBD05D3F-BD42-46EF-86D5-9BC1212240F2}.Debug|x86.ActiveCfg = Debug|Any CPU
		{BBD05D3F-BD42-46EF-86D5-9BC1212240F2}.Debug|x86.Build.0 = Debug|Any CPU
		{BBD05D3F-BD42-46EF-86D5-9BC1212240F2}.Release|Any CPU.ActiveCfg = Release|Any CPU
		{BBD05D3F-BD42-46EF-86D5-9BC1212240F2}.Release|Any CPU.Build.0 = Release|Any CPU
		{BBD05D3F-BD42-46EF-86D5-9BC1212240F2}.Release|x64.ActiveCfg = Release|x64
		{BBD05D3F-BD42-46EF-86D5-9BC1212240F2}.Release|x64.Build.0 = Release|x64
		{BBD05D3F-BD42-46EF-86D5-9BC1212240F2}.Release|x86.ActiveCfg = Release|Any CPU
		{BBD05D3F-BD42-46EF-86D5-9BC1212240F2}.Release|x86.Build.0 = Release|Any CPU
		{513019A1-7D8F-43FC-8EF3-F89E8EEB5616}.Debug|Any CPU.ActiveCfg = Debug|Any CPU
		{513019A1-7D8F-43FC-8EF3-F89E8EEB5616}.Debug|Any CPU.Build.0 = Debug|Any CPU
		{513019A1-7D8F-43FC-8EF3-F89E8EEB5616}.Debug|x64.ActiveCfg = Debug|x64
		{513019A1-7D8F-43FC-8EF3-F89E8EEB5616}.Debug|x64.Build.0 = Debug|x64
		{513019A1-7D8F-43FC-8EF3-F89E8EEB5616}.Debug|x86.ActiveCfg = Debug|Any CPU
		{513019A1-7D8F-43FC-8EF3-F89E8EEB5616}.Debug|x86.Build.0 = Debug|Any CPU
		{513019A1-7D8F-43FC-8EF3-F89E8EEB5616}.Release|Any CPU.ActiveCfg = Release|Any CPU
		{513019A1-7D8F-43FC-8EF3-F89E8EEB5616}.Release|Any CPU.Build.0 = Release|Any CPU
		{513019A1-7D8F-43FC-8EF3-F89E8EEB5616}.Release|x64.ActiveCfg = Release|Any CPU
		{513019A1-7D8F-43FC-8EF3-F89E8EEB5616}.Release|x64.Build.0 = Release|Any CPU
		{513019A1-7D8F-43FC-8EF3-F89E8EEB5616}.Release|x86.ActiveCfg = Release|Any CPU
		{513019A1-7D8F-43FC-8EF3-F89E8EEB5616}.Release|x86.Build.0 = Release|Any CPU
		{34F2DBBE-7308-4F3F-9AA1-46E4E5FB2F1C}.Debug|Any CPU.ActiveCfg = Debug|Any CPU
		{34F2DBBE-7308-4F3F-9AA1-46E4E5FB2F1C}.Debug|Any CPU.Build.0 = Debug|Any CPU
		{34F2DBBE-7308-4F3F-9AA1-46E4E5FB2F1C}.Debug|x64.ActiveCfg = Debug|Any CPU
		{34F2DBBE-7308-4F3F-9AA1-46E4E5FB2F1C}.Debug|x86.ActiveCfg = Debug|Any CPU
		{34F2DBBE-7308-4F3F-9AA1-46E4E5FB2F1C}.Debug|x86.Build.0 = Debug|Any CPU
		{34F2DBBE-7308-4F3F-9AA1-46E4E5FB2F1C}.Release|Any CPU.ActiveCfg = Debug|Any CPU
		{34F2DBBE-7308-4F3F-9AA1-46E4E5FB2F1C}.Release|Any CPU.Build.0 = Debug|Any CPU
		{34F2DBBE-7308-4F3F-9AA1-46E4E5FB2F1C}.Release|x64.ActiveCfg = Debug|Any CPU
		{34F2DBBE-7308-4F3F-9AA1-46E4E5FB2F1C}.Release|x64.Build.0 = Debug|Any CPU
		{34F2DBBE-7308-4F3F-9AA1-46E4E5FB2F1C}.Release|x86.ActiveCfg = Debug|Any CPU
		{34F2DBBE-7308-4F3F-9AA1-46E4E5FB2F1C}.Release|x86.Build.0 = Debug|Any CPU
		{F1CC38C2-3308-457B-9463-199BC121701E}.Debug|Any CPU.ActiveCfg = Debug|Any CPU
		{F1CC38C2-3308-457B-9463-199BC121701E}.Debug|Any CPU.Build.0 = Debug|Any CPU
		{F1CC38C2-3308-457B-9463-199BC121701E}.Debug|x64.ActiveCfg = Debug|x64
		{F1CC38C2-3308-457B-9463-199BC121701E}.Debug|x64.Build.0 = Debug|x64
		{F1CC38C2-3308-457B-9463-199BC121701E}.Debug|x86.ActiveCfg = Debug|Any CPU
		{F1CC38C2-3308-457B-9463-199BC121701E}.Debug|x86.Build.0 = Debug|Any CPU
		{F1CC38C2-3308-457B-9463-199BC121701E}.Release|Any CPU.ActiveCfg = Release|Any CPU
		{F1CC38C2-3308-457B-9463-199BC121701E}.Release|Any CPU.Build.0 = Release|Any CPU
		{F1CC38C2-3308-457B-9463-199BC121701E}.Release|x64.ActiveCfg = Release|Any CPU
		{F1CC38C2-3308-457B-9463-199BC121701E}.Release|x64.Build.0 = Release|Any CPU
		{F1CC38C2-3308-457B-9463-199BC121701E}.Release|x86.ActiveCfg = Release|Any CPU
		{F1CC38C2-3308-457B-9463-199BC121701E}.Release|x86.Build.0 = Release|Any CPU
		{85EC444C-EF49-43EF-96A6-EB5E729699A2}.Debug|Any CPU.ActiveCfg = Debug|Any CPU
		{85EC444C-EF49-43EF-96A6-EB5E729699A2}.Debug|Any CPU.Build.0 = Debug|Any CPU
		{85EC444C-EF49-43EF-96A6-EB5E729699A2}.Debug|x64.ActiveCfg = Debug|x64
		{85EC444C-EF49-43EF-96A6-EB5E729699A2}.Debug|x64.Build.0 = Debug|x64
		{85EC444C-EF49-43EF-96A6-EB5E729699A2}.Debug|x86.ActiveCfg = Debug|x86
		{85EC444C-EF49-43EF-96A6-EB5E729699A2}.Debug|x86.Build.0 = Debug|x86
		{85EC444C-EF49-43EF-96A6-EB5E729699A2}.Release|Any CPU.ActiveCfg = Release|Any CPU
		{85EC444C-EF49-43EF-96A6-EB5E729699A2}.Release|Any CPU.Build.0 = Release|Any CPU
		{85EC444C-EF49-43EF-96A6-EB5E729699A2}.Release|x64.ActiveCfg = Release|x64
		{85EC444C-EF49-43EF-96A6-EB5E729699A2}.Release|x64.Build.0 = Release|x64
		{85EC444C-EF49-43EF-96A6-EB5E729699A2}.Release|x86.ActiveCfg = Release|x86
		{85EC444C-EF49-43EF-96A6-EB5E729699A2}.Release|x86.Build.0 = Release|x86
	EndGlobalSection
	GlobalSection(SolutionProperties) = preSolution
		HideSolutionNode = FALSE
	EndGlobalSection
	GlobalSection(ExtensibilityGlobals) = postSolution
		SolutionGuid = {8B133B43-8085-4F0B-A6DA-BC9BA9CF2C36}
	EndGlobalSection
EndGlobal
